
Microsoft Visual Studio Solution File, Format Version 12.00
# Visual Studio Version 17
VisualStudioVersion = 17.0.32014.148
MinimumVisualStudioVersion = 10.0.40219.1
Project("{2150E333-8FDC-42A3-9474-1A3956D46DE8}") = "src", "src", "{9D4FEA1E-937E-446E-8727-C4248D6AC8A1}"
EndProject
Project("{2150E333-8FDC-42A3-9474-1A3956D46DE8}") = "tests", "tests", "{13FFF39C-4AF8-4CB5-8205-90FD2A663B93}"
EndProject
Project("{9A19103F-16F7-4668-BE54-9A1E7A4F7556}") = "Ecommerce.Domain", "Ecommerce.Domain\Ecommerce.Domain.csproj", "{EB181657-5BF8-41CF-A559-A3C88EDAB9FE}"
EndProject
Project("{9A19103F-16F7-4668-BE54-9A1E7A4F7556}") = "Ecommerce.Application", "Ecommerce.Application\Ecommerce.Application.csproj", "{DDF383F9-B26F-48B2-8343-93DC01FE45B5}"
EndProject
Project("{9A19103F-16F7-4668-BE54-9A1E7A4F7556}") = "Ecommerce.Infra.Data", "Ecommerce.Infra.Data\Ecommerce.Infra.Data.csproj", "{9060B07F-56FB-4380-BCE6-CFB76E54531C}"
EndProject
Project("{9A19103F-16F7-4668-BE54-9A1E7A4F7556}") = "Ecommerce.Infra.IoC", "Ecommerce.Infra.IoC\Ecommerce.Infra.IoC.csproj", "{896D9BF9-1C9E-49B1-81BE-404DEB0DD642}"
EndProject
Project("{2150E333-8FDC-42A3-9474-1A3956D46DE8}") = "1 - Domain", "1 - Domain", "{389A401C-E6A9-41E4-A654-7D5413529D5F}"
EndProject
Project("{2150E333-8FDC-42A3-9474-1A3956D46DE8}") = "2 - Application", "2 - Application", "{63C05B8A-7322-45F7-9449-F9CFD6740988}"
EndProject
Project("{2150E333-8FDC-42A3-9474-1A3956D46DE8}") = "3 - Infrastructure", "3 - Infrastructure", "{84D1BA2F-D5AA-4BA5-BB7D-09CCAB284AAD}"
EndProject
Project("{2150E333-8FDC-42A3-9474-1A3956D46DE8}") = "4 - API", "4 - API", "{C5A74936-DDD1-489D-8E35-153666831638}"
EndProject
Project("{9A19103F-16F7-4668-BE54-9A1E7A4F7556}") = "Ecommerce.API", "Ecommerce.API\Ecommerce.API.csproj", "{61E74E09-0BC9-493B-B370-10FD820F4FCF}"
EndProject
Project("{9A19103F-16F7-4668-BE54-9A1E7A4F7556}") = "Ecommerce.Authorization", "Ecommerce.Authorization\Ecommerce.Authorization.csproj", "{F3C58090-046C-4825-9778-4008B38727E7}"
EndProject
Project("{9A19103F-16F7-4668-BE54-9A1E7A4F7556}") = "Ecommerce.Architecture.Tests", "Ecommerce.Architecture.Tests\Ecommerce.Architecture.Tests.csproj", "{77657A3D-7DEC-4AC3-8BA9-AF5A7D8CA0B5}"
EndProject
Project("{9A19103F-16F7-4668-BE54-9A1E7A4F7556}") = "Ecommerce.Application.IntegrationTests", "Ecommerce.Application.IntegrationTests\Ecommerce.Application.IntegrationTests.csproj", "{F60E5474-13A6-4444-AE49-9779AB09E12E}"
EndProject
Project("{9A19103F-16F7-4668-BE54-9A1E7A4F7556}") = "Ecommerce.Application.UnitTests", "Ecommerce.Application.UnitTests\Ecommerce.Application.UnitTests.csproj", "{F79F0750-E34E-4D05-8A07-CFD1E7286290}"
EndProject
Project("{9A19103F-16F7-4668-BE54-9A1E7A4F7556}") = "Ecommerce.Domain.UnitTests", "Ecommerce.Domain.UnitTests\Ecommerce.Domain.UnitTests.csproj", "{B881531D-E492-4FE0-9467-A19D88E89B2D}"
EndProject
Project("{9A19103F-16F7-4668-BE54-9A1E7A4F7556}") = "Ecommerce.Order.API", "Ecommerce.Order.API\Ecommerce.Order.API.csproj", "{9D8A5B2C-46BB-43FE-94CB-FA7622A0E0B0}"
EndProject
Project("{2150E333-8FDC-42A3-9474-1A3956D46DE8}") = "Common", "Common", "{7E9DB91C-FCB1-4F05-B3BE-E2A20192D0E5}"
EndProject
Project("{9A19103F-16F7-4668-BE54-9A1E7A4F7556}") = "Ecommerce.Common.Infra", "Common\Ecommerce.Common.Infra\Ecommerce.Common.Infra.csproj", "{F7C574E3-C7EA-4586-ACFA-7B9CFFB8571E}"
EndProject
Project("{2150E333-8FDC-42A3-9474-1A3956D46DE8}") = "docker-compose", "docker-compose", "{1D21D512-4F3F-43DD-B410-568559E676AE}"
	ProjectSection(SolutionItems) = preProject
		docker-compose\docker-compose.yaml = docker-compose\docker-compose.yaml
	EndProjectSection
EndProject
Global
	GlobalSection(SolutionConfigurationPlatforms) = preSolution
		Debug|Any CPU = Debug|Any CPU
		Release|Any CPU = Release|Any CPU
	EndGlobalSection
	GlobalSection(ProjectConfigurationPlatforms) = postSolution
		{EB181657-5BF8-41CF-A559-A3C88EDAB9FE}.Debug|Any CPU.ActiveCfg = Debug|Any CPU
		{EB181657-5BF8-41CF-A559-A3C88EDAB9FE}.Debug|Any CPU.Build.0 = Debug|Any CPU
		{EB181657-5BF8-41CF-A559-A3C88EDAB9FE}.Release|Any CPU.ActiveCfg = Release|Any CPU
		{EB181657-5BF8-41CF-A559-A3C88EDAB9FE}.Release|Any CPU.Build.0 = Release|Any CPU
		{DDF383F9-B26F-48B2-8343-93DC01FE45B5}.Debug|Any CPU.ActiveCfg = Debug|Any CPU
		{DDF383F9-B26F-48B2-8343-93DC01FE45B5}.Debug|Any CPU.Build.0 = Debug|Any CPU
		{DDF383F9-B26F-48B2-8343-93DC01FE45B5}.Release|Any CPU.ActiveCfg = Release|Any CPU
		{DDF383F9-B26F-48B2-8343-93DC01FE45B5}.Release|Any CPU.Build.0 = Release|Any CPU
		{9060B07F-56FB-4380-BCE6-CFB76E54531C}.Debug|Any CPU.ActiveCfg = Debug|Any CPU
		{9060B07F-56FB-4380-BCE6-CFB76E54531C}.Debug|Any CPU.Build.0 = Debug|Any CPU
		{9060B07F-56FB-4380-BCE6-CFB76E54531C}.Release|Any CPU.ActiveCfg = Release|Any CPU
		{9060B07F-56FB-4380-BCE6-CFB76E54531C}.Release|Any CPU.Build.0 = Release|Any CPU
		{896D9BF9-1C9E-49B1-81BE-404DEB0DD642}.Debug|Any CPU.ActiveCfg = Debug|Any CPU
		{896D9BF9-1C9E-49B1-81BE-404DEB0DD642}.Debug|Any CPU.Build.0 = Debug|Any CPU
		{896D9BF9-1C9E-49B1-81BE-404DEB0DD642}.Release|Any CPU.ActiveCfg = Release|Any CPU
		{896D9BF9-1C9E-49B1-81BE-404DEB0DD642}.Release|Any CPU.Build.0 = Release|Any CPU
		{61E74E09-0BC9-493B-B370-10FD820F4FCF}.Debug|Any CPU.ActiveCfg = Debug|Any CPU
		{61E74E09-0BC9-493B-B370-10FD820F4FCF}.Debug|Any CPU.Build.0 = Debug|Any CPU
		{61E74E09-0BC9-493B-B370-10FD820F4FCF}.Release|Any CPU.ActiveCfg = Release|Any CPU
		{61E74E09-0BC9-493B-B370-10FD820F4FCF}.Release|Any CPU.Build.0 = Release|Any CPU
		{F3C58090-046C-4825-9778-4008B38727E7}.Debug|Any CPU.ActiveCfg = Debug|Any CPU
		{F3C58090-046C-4825-9778-4008B38727E7}.Debug|Any CPU.Build.0 = Debug|Any CPU
		{F3C58090-046C-4825-9778-4008B38727E7}.Release|Any CPU.ActiveCfg = Release|Any CPU
		{F3C58090-046C-4825-9778-4008B38727E7}.Release|Any CPU.Build.0 = Release|Any CPU
		{77657A3D-7DEC-4AC3-8BA9-AF5A7D8CA0B5}.Debug|Any CPU.ActiveCfg = Debug|Any CPU
		{77657A3D-7DEC-4AC3-8BA9-AF5A7D8CA0B5}.Debug|Any CPU.Build.0 = Debug|Any CPU
		{77657A3D-7DEC-4AC3-8BA9-AF5A7D8CA0B5}.Release|Any CPU.ActiveCfg = Release|Any CPU
		{77657A3D-7DEC-4AC3-8BA9-AF5A7D8CA0B5}.Release|Any CPU.Build.0 = Release|Any CPU
		{F60E5474-13A6-4444-AE49-9779AB09E12E}.Debug|Any CPU.ActiveCfg = Debug|Any CPU
		{F60E5474-13A6-4444-AE49-9779AB09E12E}.Debug|Any CPU.Build.0 = Debug|Any CPU
		{F60E5474-13A6-4444-AE49-9779AB09E12E}.Release|Any CPU.ActiveCfg = Release|Any CPU
		{F60E5474-13A6-4444-AE49-9779AB09E12E}.Release|Any CPU.Build.0 = Release|Any CPU
		{F79F0750-E34E-4D05-8A07-CFD1E7286290}.Debug|Any CPU.ActiveCfg = Debug|Any CPU
		{F79F0750-E34E-4D05-8A07-CFD1E7286290}.Debug|Any CPU.Build.0 = Debug|Any CPU
		{F79F0750-E34E-4D05-8A07-CFD1E7286290}.Release|Any CPU.ActiveCfg = Release|Any CPU
		{F79F0750-E34E-4D05-8A07-CFD1E7286290}.Release|Any CPU.Build.0 = Release|Any CPU
		{B881531D-E492-4FE0-9467-A19D88E89B2D}.Debug|Any CPU.ActiveCfg = Debug|Any CPU
		{B881531D-E492-4FE0-9467-A19D88E89B2D}.Debug|Any CPU.Build.0 = Debug|Any CPU
		{B881531D-E492-4FE0-9467-A19D88E89B2D}.Release|Any CPU.ActiveCfg = Release|Any CPU
		{B881531D-E492-4FE0-9467-A19D88E89B2D}.Release|Any CPU.Build.0 = Release|Any CPU
		{9D8A5B2C-46BB-43FE-94CB-FA7622A0E0B0}.Debug|Any CPU.ActiveCfg = Debug|Any CPU
		{9D8A5B2C-46BB-43FE-94CB-FA7622A0E0B0}.Debug|Any CPU.Build.0 = Debug|Any CPU
		{9D8A5B2C-46BB-43FE-94CB-FA7622A0E0B0}.Release|Any CPU.ActiveCfg = Release|Any CPU
		{9D8A5B2C-46BB-43FE-94CB-FA7622A0E0B0}.Release|Any CPU.Build.0 = Release|Any CPU
		{F7C574E3-C7EA-4586-ACFA-7B9CFFB8571E}.Debug|Any CPU.ActiveCfg = Debug|Any CPU
		{F7C574E3-C7EA-4586-ACFA-7B9CFFB8571E}.Debug|Any CPU.Build.0 = Debug|Any CPU
		{F7C574E3-C7EA-4586-ACFA-7B9CFFB8571E}.Release|Any CPU.ActiveCfg = Release|Any CPU
		{F7C574E3-C7EA-4586-ACFA-7B9CFFB8571E}.Release|Any CPU.Build.0 = Release|Any CPU
	EndGlobalSection
	GlobalSection(SolutionProperties) = preSolution
		HideSolutionNode = FALSE
	EndGlobalSection
	GlobalSection(NestedProjects) = preSolution
		{EB181657-5BF8-41CF-A559-A3C88EDAB9FE} = {389A401C-E6A9-41E4-A654-7D5413529D5F}
		{DDF383F9-B26F-48B2-8343-93DC01FE45B5} = {63C05B8A-7322-45F7-9449-F9CFD6740988}
		{9060B07F-56FB-4380-BCE6-CFB76E54531C} = {84D1BA2F-D5AA-4BA5-BB7D-09CCAB284AAD}
		{896D9BF9-1C9E-49B1-81BE-404DEB0DD642} = {84D1BA2F-D5AA-4BA5-BB7D-09CCAB284AAD}
		{389A401C-E6A9-41E4-A654-7D5413529D5F} = {9D4FEA1E-937E-446E-8727-C4248D6AC8A1}
		{63C05B8A-7322-45F7-9449-F9CFD6740988} = {9D4FEA1E-937E-446E-8727-C4248D6AC8A1}
		{84D1BA2F-D5AA-4BA5-BB7D-09CCAB284AAD} = {9D4FEA1E-937E-446E-8727-C4248D6AC8A1}
		{C5A74936-DDD1-489D-8E35-153666831638} = {9D4FEA1E-937E-446E-8727-C4248D6AC8A1}
		{61E74E09-0BC9-493B-B370-10FD820F4FCF} = {C5A74936-DDD1-489D-8E35-153666831638}
		{F3C58090-046C-4825-9778-4008B38727E7} = {C5A74936-DDD1-489D-8E35-153666831638}
		{77657A3D-7DEC-4AC3-8BA9-AF5A7D8CA0B5} = {13FFF39C-4AF8-4CB5-8205-90FD2A663B93}
		{F60E5474-13A6-4444-AE49-9779AB09E12E} = {13FFF39C-4AF8-4CB5-8205-90FD2A663B93}
		{F79F0750-E34E-4D05-8A07-CFD1E7286290} = {13FFF39C-4AF8-4CB5-8205-90FD2A663B93}
		{B881531D-E492-4FE0-9467-A19D88E89B2D} = {13FFF39C-4AF8-4CB5-8205-90FD2A663B93}
		{9D8A5B2C-46BB-43FE-94CB-FA7622A0E0B0} = {C5A74936-DDD1-489D-8E35-153666831638}
		{7E9DB91C-FCB1-4F05-B3BE-E2A20192D0E5} = {9D4FEA1E-937E-446E-8727-C4248D6AC8A1}
		{F7C574E3-C7EA-4586-ACFA-7B9CFFB8571E} = {7E9DB91C-FCB1-4F05-B3BE-E2A20192D0E5}
	EndGlobalSection
	GlobalSection(ExtensibilityGlobals) = postSolution
		SolutionGuid = {4667238D-291A-455F-9BA3-5123DA06325C}
	EndGlobalSection
EndGlobal
